
Microsoft Visual Studio Solution File, Format Version 12.00
# Visual Studio Version 16
VisualStudioVersion = 16.0.29409.12
MinimumVisualStudioVersion = 10.0.40219.1
Project("{9A19103F-16F7-4668-BE54-9A1E7A4F7556}") = "Voicify.Sdk.Cms", "Voicify.Sdk.Cms\Voicify.Sdk.Cms.csproj", "{0060FAEC-5A97-4DD4-9882-936D7A9E3A49}"
EndProject
Project("{FAE04EC0-301F-11D3-BF4B-00C04F79EFBC}") = "Voicify.Sdk.Cms.Tests", "Voicify.Sdk.Cms.Tests\Voicify.Sdk.Cms.Tests.csproj", "{92BA758F-B834-4FF7-B0C2-952E6A6876D1}"
EndProject
Global
	GlobalSection(SolutionConfigurationPlatforms) = preSolution
		Debug|Any CPU = Debug|Any CPU
		Release|Any CPU = Release|Any CPU
	EndGlobalSection
	GlobalSection(ProjectConfigurationPlatforms) = postSolution
		{0060FAEC-5A97-4DD4-9882-936D7A9E3A49}.Debug|Any CPU.ActiveCfg = Debug|Any CPU
		{0060FAEC-5A97-4DD4-9882-936D7A9E3A49}.Debug|Any CPU.Build.0 = Debug|Any CPU
		{0060FAEC-5A97-4DD4-9882-936D7A9E3A49}.Release|Any CPU.ActiveCfg = Release|Any CPU
		{0060FAEC-5A97-4DD4-9882-936D7A9E3A49}.Release|Any CPU.Build.0 = Release|Any CPU
		{92BA758F-B834-4FF7-B0C2-952E6A6876D1}.Debug|Any CPU.ActiveCfg = Debug|Any CPU
		{92BA758F-B834-4FF7-B0C2-952E6A6876D1}.Debug|Any CPU.Build.0 = Debug|Any CPU
		{92BA758F-B834-4FF7-B0C2-952E6A6876D1}.Release|Any CPU.ActiveCfg = Release|Any CPU
		{92BA758F-B834-4FF7-B0C2-952E6A6876D1}.Release|Any CPU.Build.0 = Release|Any CPU
	EndGlobalSection
	GlobalSection(SolutionProperties) = preSolution
		HideSolutionNode = FALSE
	EndGlobalSection
	GlobalSection(ExtensibilityGlobals) = postSolution
		SolutionGuid = {E474D130-548F-4400-A35C-8D14EC802C11}
	EndGlobalSection
EndGlobal
